
Microsoft Visual Studio Solution File, Format Version 12.00
# Visual Studio Version 17
VisualStudioVersion = 17.4.33403.182
MinimumVisualStudioVersion = 10.0.40219.1
Project("{FAE04EC0-301F-11D3-BF4B-00C04F79EFBC}") = "DevIL.NET", "DevIL.NET\DevIL.NET.csproj", "{F232C9AE-E95E-4F51-80CD-92E8FC59DA21}"
EndProject
Project("{FAE04EC0-301F-11D3-BF4B-00C04F79EFBC}") = "DevIL.NET.Test", "DevIL.NET.Test\DevIL.NET.Test.csproj", "{9F06EB1E-1EE8-44DD-B4F8-F76B860DABB4}"
EndProject
Global
	GlobalSection(SolutionConfigurationPlatforms) = preSolution
		Debug|Any CPU = Debug|Any CPU
		Release|Any CPU = Release|Any CPU
	EndGlobalSection
	GlobalSection(ProjectConfigurationPlatforms) = postSolution
		{F232C9AE-E95E-4F51-80CD-92E8FC59DA21}.Debug|Any CPU.ActiveCfg = Debug|Any CPU
		{F232C9AE-E95E-4F51-80CD-92E8FC59DA21}.Debug|Any CPU.Build.0 = Debug|Any CPU
		{F232C9AE-E95E-4F51-80CD-92E8FC59DA21}.Release|Any CPU.ActiveCfg = Release|Any CPU
		{F232C9AE-E95E-4F51-80CD-92E8FC59DA21}.Release|Any CPU.Build.0 = Release|Any CPU
		{9F06EB1E-1EE8-44DD-B4F8-F76B860DABB4}.Debug|Any CPU.ActiveCfg = Debug|Any CPU
		{9F06EB1E-1EE8-44DD-B4F8-F76B860DABB4}.Debug|Any CPU.Build.0 = Debug|Any CPU
		{9F06EB1E-1EE8-44DD-B4F8-F76B860DABB4}.Release|Any CPU.ActiveCfg = Release|Any CPU
		{9F06EB1E-1EE8-44DD-B4F8-F76B860DABB4}.Release|Any CPU.Build.0 = Release|Any CPU
	EndGlobalSection
	GlobalSection(SolutionProperties) = preSolution
		HideSolutionNode = FALSE
	EndGlobalSection
	GlobalSection(ExtensibilityGlobals) = postSolution
		SolutionGuid = {8042AA56-9CE3-4330-B0C1-3756E7CB04EA}
	EndGlobalSection
EndGlobal
